// !$*UTF8*$!
{
	archiveVersion = 1;
	classes = {
	};
	objectVersion = 46;
	objects = {

/* Begin PBXBuildFile section */
		4B2D628D1B677A4B0016ECD1 /* AppDelegate.swift in Sources */ = {isa = PBXBuildFile; fileRef = 4B2D628C1B677A4B0016ECD1 /* AppDelegate.swift */; };
		4B2D628F1B677A4B0016ECD1 /* LoginViewController.swift in Sources */ = {isa = PBXBuildFile; fileRef = 4B2D628E1B677A4B0016ECD1 /* LoginViewController.swift */; };
		4B2D62921B677A4B0016ECD1 /* Main.storyboard in Resources */ = {isa = PBXBuildFile; fileRef = 4B2D62901B677A4B0016ECD1 /* Main.storyboard */; };
		4B2D62941B677A4B0016ECD1 /* Assets.xcassets in Resources */ = {isa = PBXBuildFile; fileRef = 4B2D62931B677A4B0016ECD1 /* Assets.xcassets */; };
		4BAFF37B1B6E6D8900208039 /* LaunchScreen.xib in Resources */ = {isa = PBXBuildFile; fileRef = 4BAFF37A1B6E6D8900208039 /* LaunchScreen.xib */; };
		4BAFF3841B70A04F00208039 /* ParseAPIClient.swift in Sources */ = {isa = PBXBuildFile; fileRef = 4BAFF3831B70A04E00208039 /* ParseAPIClient.swift */; };
		4BD07FF31B779C9E00CBF4B6 /* UdacityAPIClient.swift in Sources */ = {isa = PBXBuildFile; fileRef = 4BD07FF21B779C9E00CBF4B6 /* UdacityAPIClient.swift */; };
		4BD07FF51B77A2C100CBF4B6 /* ViewControllerUtils.swift in Sources */ = {isa = PBXBuildFile; fileRef = 4BD07FF41B77A2C100CBF4B6 /* ViewControllerUtils.swift */; };
		4BD07FF91B79E56400CBF4B6 /* InformationPostingViewController.swift in Sources */ = {isa = PBXBuildFile; fileRef = 4BD07FF81B79E56400CBF4B6 /* InformationPostingViewController.swift */; };
		4BD0802E1B7C7D1700CBF4B6 /* MapViewController.swift in Sources */ = {isa = PBXBuildFile; fileRef = 4BD0802D1B7C7D1700CBF4B6 /* MapViewController.swift */; };
		4BD080301B7C7FD400CBF4B6 /* TableViewController.swift in Sources */ = {isa = PBXBuildFile; fileRef = 4BD0802F1B7C7FD400CBF4B6 /* TableViewController.swift */; };
		4BD080321B7C816200CBF4B6 /* TabBarController.swift in Sources */ = {isa = PBXBuildFile; fileRef = 4BD080311B7C816200CBF4B6 /* TabBarController.swift */; };
		4BD080341B7D29E000CBF4B6 /* UpdatableTab.swift in Sources */ = {isa = PBXBuildFile; fileRef = 4BD080331B7D29E000CBF4B6 /* UpdatableTab.swift */; };
		4BE902031B73CF6000464423 /* UserAnnotation.swift in Sources */ = {isa = PBXBuildFile; fileRef = 4BE902021B73CF5F00464423 /* UserAnnotation.swift */; };
		4BE902071B74CD6100464423 /* WebViewController.swift in Sources */ = {isa = PBXBuildFile; fileRef = 4BE902061B74CD6100464423 /* WebViewController.swift */; };
/* End PBXBuildFile section */

/* Begin PBXFileReference section */
		4B2D62891B677A4B0016ECD1 /* OnTheMap.app */ = {isa = PBXFileReference; explicitFileType = wrapper.application; includeInIndex = 0; path = OnTheMap.app; sourceTree = BUILT_PRODUCTS_DIR; };
		4B2D628C1B677A4B0016ECD1 /* AppDelegate.swift */ = {isa = PBXFileReference; lastKnownFileType = sourcecode.swift; path = AppDelegate.swift; sourceTree = "<group>"; };
		4B2D628E1B677A4B0016ECD1 /* LoginViewController.swift */ = {isa = PBXFileReference; lastKnownFileType = sourcecode.swift; path = LoginViewController.swift; sourceTree = "<group>"; };
		4B2D62911B677A4B0016ECD1 /* Base */ = {isa = PBXFileReference; lastKnownFileType = file.storyboard; name = Base; path = Base.lproj/Main.storyboard; sourceTree = "<group>"; };
		4B2D62931B677A4B0016ECD1 /* Assets.xcassets */ = {isa = PBXFileReference; lastKnownFileType = folder.assetcatalog; path = Assets.xcassets; sourceTree = "<group>"; };
		4B2D62981B677A4B0016ECD1 /* Info.plist */ = {isa = PBXFileReference; lastKnownFileType = text.plist.xml; path = Info.plist; sourceTree = "<group>"; };
		4BAFF37A1B6E6D8900208039 /* LaunchScreen.xib */ = {isa = PBXFileReference; fileEncoding = 4; lastKnownFileType = file.xib; path = LaunchScreen.xib; sourceTree = "<group>"; };
		4BAFF3831B70A04E00208039 /* ParseAPIClient.swift */ = {isa = PBXFileReference; fileEncoding = 4; lastKnownFileType = sourcecode.swift; path = ParseAPIClient.swift; sourceTree = "<group>"; };
		4BD07FF21B779C9E00CBF4B6 /* UdacityAPIClient.swift */ = {isa = PBXFileReference; fileEncoding = 4; lastKnownFileType = sourcecode.swift; path = UdacityAPIClient.swift; sourceTree = "<group>"; };
		4BD07FF41B77A2C100CBF4B6 /* ViewControllerUtils.swift */ = {isa = PBXFileReference; fileEncoding = 4; lastKnownFileType = sourcecode.swift; path = ViewControllerUtils.swift; sourceTree = "<group>"; };
		4BD07FF81B79E56400CBF4B6 /* InformationPostingViewController.swift */ = {isa = PBXFileReference; fileEncoding = 4; lastKnownFileType = sourcecode.swift; path = InformationPostingViewController.swift; sourceTree = "<group>"; };
		4BD0802D1B7C7D1700CBF4B6 /* MapViewController.swift */ = {isa = PBXFileReference; fileEncoding = 4; lastKnownFileType = sourcecode.swift; path = MapViewController.swift; sourceTree = "<group>"; };
		4BD0802F1B7C7FD400CBF4B6 /* TableViewController.swift */ = {isa = PBXFileReference; fileEncoding = 4; lastKnownFileType = sourcecode.swift; path = TableViewController.swift; sourceTree = "<group>"; };
		4BD080311B7C816200CBF4B6 /* TabBarController.swift */ = {isa = PBXFileReference; fileEncoding = 4; lastKnownFileType = sourcecode.swift; path = TabBarController.swift; sourceTree = "<group>"; };
		4BD080331B7D29E000CBF4B6 /* UpdatableTab.swift */ = {isa = PBXFileReference; fileEncoding = 4; lastKnownFileType = sourcecode.swift; path = UpdatableTab.swift; sourceTree = "<group>"; };
		4BE902021B73CF5F00464423 /* UserAnnotation.swift */ = {isa = PBXFileReference; fileEncoding = 4; lastKnownFileType = sourcecode.swift; path = UserAnnotation.swift; sourceTree = "<group>"; };
		4BE902061B74CD6100464423 /* WebViewController.swift */ = {isa = PBXFileReference; fileEncoding = 4; lastKnownFileType = sourcecode.swift; path = WebViewController.swift; sourceTree = "<group>"; };
/* End PBXFileReference section */

/* Begin PBXFrameworksBuildPhase section */
		4B2D62861B677A4A0016ECD1 /* Frameworks */ = {
			isa = PBXFrameworksBuildPhase;
			buildActionMask = 2147483647;
			files = (
			);
			runOnlyForDeploymentPostprocessing = 0;
		};
/* End PBXFrameworksBuildPhase section */

/* Begin PBXGroup section */
		4B2D62801B677A4A0016ECD1 = {
			isa = PBXGroup;
			children = (
				4BAFF3851B70B3B000208039 /* View */,
				4B2D628B1B677A4B0016ECD1 /* OnTheMap */,
				4B2D628A1B677A4B0016ECD1 /* Products */,
			);
			sourceTree = "<group>";
		};
		4B2D628A1B677A4B0016ECD1 /* Products */ = {
			isa = PBXGroup;
			children = (
				4B2D62891B677A4B0016ECD1 /* OnTheMap.app */,
			);
			name = Products;
			sourceTree = "<group>";
		};
		4B2D628B1B677A4B0016ECD1 /* OnTheMap */ = {
			isa = PBXGroup;
			children = (
				4BAFF3801B709B8500208039 /* Controller */,
				4BAFF37F1B709B7700208039 /* Supporting Files */,
				4BAFF37E1B709B5200208039 /* Model */,
			);
			path = OnTheMap;
			sourceTree = "<group>";
		};
		4BAFF37E1B709B5200208039 /* Model */ = {
			isa = PBXGroup;
			children = (
				4BAFF3821B709D0000208039 /* Clients */,
			);
			name = Model;
			sourceTree = "<group>";
		};
		4BAFF37F1B709B7700208039 /* Supporting Files */ = {
			isa = PBXGroup;
			children = (
				4B2D628C1B677A4B0016ECD1 /* AppDelegate.swift */,
				4B2D62931B677A4B0016ECD1 /* Assets.xcassets */,
				4B2D62981B677A4B0016ECD1 /* Info.plist */,
				4BAFF3811B709C9000208039 /* Storyboards */,
			);
			name = "Supporting Files";
			sourceTree = "<group>";
		};
		4BAFF3801B709B8500208039 /* Controller */ = {
			isa = PBXGroup;
			children = (
				4B2D628E1B677A4B0016ECD1 /* LoginViewController.swift */,
				4BD0802D1B7C7D1700CBF4B6 /* MapViewController.swift */,
				4BD0802F1B7C7FD400CBF4B6 /* TableViewController.swift */,
				4BD080311B7C816200CBF4B6 /* TabBarController.swift */,
				4BE902021B73CF5F00464423 /* UserAnnotation.swift */,
				4BD07FF81B79E56400CBF4B6 /* InformationPostingViewController.swift */,
				4BE902061B74CD6100464423 /* WebViewController.swift */,
				4BD07FF41B77A2C100CBF4B6 /* ViewControllerUtils.swift */,
				4BD080331B7D29E000CBF4B6 /* UpdatableTab.swift */,
			);
			name = Controller;
			sourceTree = "<group>";
		};
		4BAFF3811B709C9000208039 /* Storyboards */ = {
			isa = PBXGroup;
			children = (
				4B2D62901B677A4B0016ECD1 /* Main.storyboard */,
				4BAFF37A1B6E6D8900208039 /* LaunchScreen.xib */,
			);
			name = Storyboards;
			sourceTree = "<group>";
		};
		4BAFF3821B709D0000208039 /* Clients */ = {
			isa = PBXGroup;
			children = (
				4BD07FF21B779C9E00CBF4B6 /* UdacityAPIClient.swift */,
				4BAFF3831B70A04E00208039 /* ParseAPIClient.swift */,
			);
			name = Clients;
			sourceTree = "<group>";
		};
		4BAFF3851B70B3B000208039 /* View */ = {
			isa = PBXGroup;
			children = (
			);
			name = View;
			sourceTree = "<group>";
		};
/* End PBXGroup section */

/* Begin PBXNativeTarget section */
		4B2D62881B677A4A0016ECD1 /* OnTheMap */ = {
			isa = PBXNativeTarget;
			buildConfigurationList = 4B2D629B1B677A4B0016ECD1 /* Build configuration list for PBXNativeTarget "OnTheMap" */;
			buildPhases = (
				4B2D62851B677A4A0016ECD1 /* Sources */,
				4B2D62861B677A4A0016ECD1 /* Frameworks */,
				4B2D62871B677A4A0016ECD1 /* Resources */,
			);
			buildRules = (
			);
			dependencies = (
			);
			name = OnTheMap;
			productName = OnTheMap;
			productReference = 4B2D62891B677A4B0016ECD1 /* OnTheMap.app */;
			productType = "com.apple.product-type.application";
		};
/* End PBXNativeTarget section */

/* Begin PBXProject section */
		4B2D62811B677A4A0016ECD1 /* Project object */ = {
			isa = PBXProject;
			attributes = {
				LastUpgradeCheck = 0700;
				ORGANIZATIONNAME = "___LC___";
				TargetAttributes = {
					4B2D62881B677A4A0016ECD1 = {
						CreatedOnToolsVersion = 7.0;
					};
				};
			};
			buildConfigurationList = 4B2D62841B677A4A0016ECD1 /* Build configuration list for PBXProject "OnTheMap" */;
			compatibilityVersion = "Xcode 3.2";
			developmentRegion = English;
			hasScannedForEncodings = 0;
			knownRegions = (
				en,
				Base,
			);
			mainGroup = 4B2D62801B677A4A0016ECD1;
			productRefGroup = 4B2D628A1B677A4B0016ECD1 /* Products */;
			projectDirPath = "";
			projectRoot = "";
			targets = (
				4B2D62881B677A4A0016ECD1 /* OnTheMap */,
			);
		};
/* End PBXProject section */

/* Begin PBXResourcesBuildPhase section */
		4B2D62871B677A4A0016ECD1 /* Resources */ = {
			isa = PBXResourcesBuildPhase;
			buildActionMask = 2147483647;
			files = (
				4BAFF37B1B6E6D8900208039 /* LaunchScreen.xib in Resources */,
				4B2D62941B677A4B0016ECD1 /* Assets.xcassets in Resources */,
				4B2D62921B677A4B0016ECD1 /* Main.storyboard in Resources */,
			);
			runOnlyForDeploymentPostprocessing = 0;
		};
/* End PBXResourcesBuildPhase section */

/* Begin PBXSourcesBuildPhase section */
		4B2D62851B677A4A0016ECD1 /* Sources */ = {
			isa = PBXSourcesBuildPhase;
			buildActionMask = 2147483647;
			files = (
				4BAFF3841B70A04F00208039 /* ParseAPIClient.swift in Sources */,
				4BD080321B7C816200CBF4B6 /* TabBarController.swift in Sources */,
				4BE902071B74CD6100464423 /* WebViewController.swift in Sources */,
				4BD0802E1B7C7D1700CBF4B6 /* MapViewController.swift in Sources */,
				4BD07FF51B77A2C100CBF4B6 /* ViewControllerUtils.swift in Sources */,
				4BE902031B73CF6000464423 /* UserAnnotation.swift in Sources */,
				4BD080301B7C7FD400CBF4B6 /* TableViewController.swift in Sources */,
				4BD07FF31B779C9E00CBF4B6 /* UdacityAPIClient.swift in Sources */,
				4B2D628F1B677A4B0016ECD1 /* LoginViewController.swift in Sources */,
				4BD080341B7D29E000CBF4B6 /* UpdatableTab.swift in Sources */,
				4BD07FF91B79E56400CBF4B6 /* InformationPostingViewController.swift in Sources */,
				4B2D628D1B677A4B0016ECD1 /* AppDelegate.swift in Sources */,
			);
			runOnlyForDeploymentPostprocessing = 0;
		};
/* End PBXSourcesBuildPhase section */

/* Begin PBXVariantGroup section */
		4B2D62901B677A4B0016ECD1 /* Main.storyboard */ = {
			isa = PBXVariantGroup;
			children = (
				4B2D62911B677A4B0016ECD1 /* Base */,
			);
			name = Main.storyboard;
			sourceTree = "<group>";
		};
/* End PBXVariantGroup section */

/* Begin XCBuildConfiguration section */
		4B2D62991B677A4B0016ECD1 /* Debug */ = {
			isa = XCBuildConfiguration;
			buildSettings = {
				ALWAYS_SEARCH_USER_PATHS = NO;
				CLANG_CXX_LANGUAGE_STANDARD = "gnu++0x";
				CLANG_CXX_LIBRARY = "libc++";
				CLANG_ENABLE_MODULES = YES;
				CLANG_ENABLE_OBJC_ARC = YES;
				CLANG_WARN_BOOL_CONVERSION = YES;
				CLANG_WARN_CONSTANT_CONVERSION = YES;
				CLANG_WARN_DIRECT_OBJC_ISA_USAGE = YES_ERROR;
				CLANG_WARN_EMPTY_BODY = YES;
				CLANG_WARN_ENUM_CONVERSION = YES;
				CLANG_WARN_INT_CONVERSION = YES;
				CLANG_WARN_OBJC_ROOT_CLASS = YES_ERROR;
				CLANG_WARN_UNREACHABLE_CODE = YES;
				CLANG_WARN__DUPLICATE_METHOD_MATCH = YES;
				"CODE_SIGN_IDENTITY[sdk=iphoneos*]" = "iPhone Developer";
				COPY_PHASE_STRIP = NO;
				DEBUG_INFORMATION_FORMAT = dwarf;
				ENABLE_STRICT_OBJC_MSGSEND = YES;
				ENABLE_TESTABILITY = YES;
				GCC_C_LANGUAGE_STANDARD = gnu99;
				GCC_DYNAMIC_NO_PIC = NO;
				GCC_NO_COMMON_BLOCKS = YES;
				GCC_OPTIMIZATION_LEVEL = 0;
				GCC_PREPROCESSOR_DEFINITIONS = (
					"DEBUG=1",
					"$(inherited)",
				);
				GCC_WARN_64_TO_32_BIT_CONVERSION = YES;
				GCC_WARN_ABOUT_RETURN_TYPE = YES_ERROR;
				GCC_WARN_UNDECLARED_SELECTOR = YES;
				GCC_WARN_UNINITIALIZED_AUTOS = YES_AGGRESSIVE;
				GCC_WARN_UNUSED_FUNCTION = YES;
				GCC_WARN_UNUSED_VARIABLE = YES;
				IPHONEOS_DEPLOYMENT_TARGET = 9.0;
				MTL_ENABLE_DEBUG_INFO = YES;
				ONLY_ACTIVE_ARCH = YES;
				SDKROOT = iphoneos;
				SWIFT_OPTIMIZATION_LEVEL = "-Onone";
			};
			name = Debug;
		};
		4B2D629A1B677A4B0016ECD1 /* Release */ = {
			isa = XCBuildConfiguration;
			buildSettings = {
				ALWAYS_SEARCH_USER_PATHS = NO;
				CLANG_CXX_LANGUAGE_STANDARD = "gnu++0x";
				CLANG_CXX_LIBRARY = "libc++";
				CLANG_ENABLE_MODULES = YES;
				CLANG_ENABLE_OBJC_ARC = YES;
				CLANG_WARN_BOOL_CONVERSION = YES;
				CLANG_WARN_CONSTANT_CONVERSION = YES;
				CLANG_WARN_DIRECT_OBJC_ISA_USAGE = YES_ERROR;
				CLANG_WARN_EMPTY_BODY = YES;
				CLANG_WARN_ENUM_CONVERSION = YES;
				CLANG_WARN_INT_CONVERSION = YES;
				CLANG_WARN_OBJC_ROOT_CLASS = YES_ERROR;
				CLANG_WARN_UNREACHABLE_CODE = YES;
				CLANG_WARN__DUPLICATE_METHOD_MATCH = YES;
				"CODE_SIGN_IDENTITY[sdk=iphoneos*]" = "iPhone Developer";
				COPY_PHASE_STRIP = NO;
				DEBUG_INFORMATION_FORMAT = "dwarf-with-dsym";
				ENABLE_NS_ASSERTIONS = NO;
				ENABLE_STRICT_OBJC_MSGSEND = YES;
				GCC_C_LANGUAGE_STANDARD = gnu99;
				GCC_NO_COMMON_BLOCKS = YES;
				GCC_WARN_64_TO_32_BIT_CONVERSION = YES;
				GCC_WARN_ABOUT_RETURN_TYPE = YES_ERROR;
				GCC_WARN_UNDECLARED_SELECTOR = YES;
				GCC_WARN_UNINITIALIZED_AUTOS = YES_AGGRESSIVE;
				GCC_WARN_UNUSED_FUNCTION = YES;
				GCC_WARN_UNUSED_VARIABLE = YES;
				IPHONEOS_DEPLOYMENT_TARGET = 9.0;
				MTL_ENABLE_DEBUG_INFO = NO;
				SDKROOT = iphoneos;
				VALIDATE_PRODUCT = YES;
			};
			name = Release;
		};
		4B2D629C1B677A4B0016ECD1 /* Debug */ = {
			isa = XCBuildConfiguration;
			buildSettings = {
				ASSETCATALOG_COMPILER_APPICON_NAME = AppIcon;
				INFOPLIST_FILE = OnTheMap/Info.plist;
				IPHONEOS_DEPLOYMENT_TARGET = 8.4;
				LD_RUNPATH_SEARCH_PATHS = "$(inherited) @executable_path/Frameworks";
				PRODUCT_BUNDLE_IDENTIFIER = com.luxchr.OnTheMap;
				PRODUCT_NAME = "$(TARGET_NAME)";
			};
			name = Debug;
		};
		4B2D629D1B677A4B0016ECD1 /* Release */ = {
			isa = XCBuildConfiguration;
			buildSettings = {
				ASSETCATALOG_COMPILER_APPICON_NAME = AppIcon;
				INFOPLIST_FILE = OnTheMap/Info.plist;
				IPHONEOS_DEPLOYMENT_TARGET = 8.4;
				LD_RUNPATH_SEARCH_PATHS = "$(inherited) @executable_path/Frameworks";
				PRODUCT_BUNDLE_IDENTIFIER = com.luxchr.OnTheMap;
				PRODUCT_NAME = "$(TARGET_NAME)";
			};
			name = Release;
		};
/* End XCBuildConfiguration section */

/* Begin XCConfigurationList section */
		4B2D62841B677A4A0016ECD1 /* Build configuration list for PBXProject "OnTheMap" */ = {
			isa = XCConfigurationList;
			buildConfigurations = (
				4B2D62991B677A4B0016ECD1 /* Debug */,
				4B2D629A1B677A4B0016ECD1 /* Release */,
			);
			defaultConfigurationIsVisible = 0;
			defaultConfigurationName = Release;
		};
		4B2D629B1B677A4B0016ECD1 /* Build configuration list for PBXNativeTarget "OnTheMap" */ = {
			isa = XCConfigurationList;
			buildConfigurations = (
				4B2D629C1B677A4B0016ECD1 /* Debug */,
				4B2D629D1B677A4B0016ECD1 /* Release */,
			);
			defaultConfigurationIsVisible = 0;
			defaultConfigurationName = Release;
		};
/* End XCConfigurationList section */
	};
	rootObject = 4B2D62811B677A4A0016ECD1 /* Project object */;
}
